
Microsoft Visual Studio Solution File, Format Version 12.00
# Visual Studio 2013
VisualStudioVersion = 12.0.31101.0
MinimumVisualStudioVersion = 10.0.40219.1
Project("{2150E333-8FDC-42A3-9474-1A3956D46DE8}") = "Data", "Data", "{4EF31CD4-7D6F-411F-A753-CB606705D1A1}"
	ProjectSection(SolutionItems) = preProject
		Data\cusid.csv = Data\cusid.csv
		Data\customers_vkw.csv = Data\customers_vkw.csv
	EndProjectSection
EndProject
Project("{F2A71F9B-5D33-465A-A702-920D77279786}") = "CsvUtil", "CsvUtil\CsvUtil.fsproj", "{76DEDA47-701D-4014-AB5C-CF90ABB9B591}"
EndProject
Project("{F2A71F9B-5D33-465A-A702-920D77279786}") = "UnitTests", "UnitTests\UnitTests.fsproj", "{4D625CCF-8275-458F-B928-E10186405583}"
EndProject
Project("{FAE04EC0-301F-11D3-BF4B-00C04F79EFBC}") = "CsvUtil.WPF", "CsvUtil.WPF\CsvUtil.WPF.csproj", "{CF3D77FB-120E-4A8B-ABA0-A7D3D9D737AD}"
EndProject
Global
	GlobalSection(SolutionConfigurationPlatforms) = preSolution
		Debug|Any CPU = Debug|Any CPU
		Release|Any CPU = Release|Any CPU
	EndGlobalSection
	GlobalSection(ProjectConfigurationPlatforms) = postSolution
		{76DEDA47-701D-4014-AB5C-CF90ABB9B591}.Debug|Any CPU.ActiveCfg = Debug|Any CPU
		{76DEDA47-701D-4014-AB5C-CF90ABB9B591}.Debug|Any CPU.Build.0 = Debug|Any CPU
		{76DEDA47-701D-4014-AB5C-CF90ABB9B591}.Release|Any CPU.ActiveCfg = Release|Any CPU
		{76DEDA47-701D-4014-AB5C-CF90ABB9B591}.Release|Any CPU.Build.0 = Release|Any CPU
		{4D625CCF-8275-458F-B928-E10186405583}.Debug|Any CPU.ActiveCfg = Debug|Any CPU
		{4D625CCF-8275-458F-B928-E10186405583}.Debug|Any CPU.Build.0 = Debug|Any CPU
		{4D625CCF-8275-458F-B928-E10186405583}.Release|Any CPU.ActiveCfg = Release|Any CPU
		{4D625CCF-8275-458F-B928-E10186405583}.Release|Any CPU.Build.0 = Release|Any CPU
		{CF3D77FB-120E-4A8B-ABA0-A7D3D9D737AD}.Debug|Any CPU.ActiveCfg = Debug|Any CPU
		{CF3D77FB-120E-4A8B-ABA0-A7D3D9D737AD}.Debug|Any CPU.Build.0 = Debug|Any CPU
		{CF3D77FB-120E-4A8B-ABA0-A7D3D9D737AD}.Release|Any CPU.ActiveCfg = Release|Any CPU
		{CF3D77FB-120E-4A8B-ABA0-A7D3D9D737AD}.Release|Any CPU.Build.0 = Release|Any CPU
	EndGlobalSection
	GlobalSection(SolutionProperties) = preSolution
		HideSolutionNode = FALSE
	EndGlobalSection
EndGlobal
